
Microsoft Visual Studio Solution File, Format Version 12.00
# Visual Studio Version 17
VisualStudioVersion = 17.0.31903.59
MinimumVisualStudioVersion = 10.0.40219.1
Project("{2150E333-8FDC-42A3-9474-1A3956D46DE8}") = "tests", "tests", "{9DE3796D-8C9F-404C-AF8E-C5681DA44056}"
EndProject
Project("{2150E333-8FDC-42A3-9474-1A3956D46DE8}") = "src", "src", "{473CDD97-2471-4074-ADD5-C7AA6E8303DF}"
EndProject
Project("{FAE04EC0-301F-11D3-BF4B-00C04F79EFBC}") = "PetFamily.Volunteers.IntegrationTests", "tests\PetFamily.Volunteers.IntegrationTests\PetFamily.Volunteers.IntegrationTests.csproj", "{C7589DAB-28AE-4DF8-BC00-51BD9E6063E3}"
EndProject
Project("{2150E333-8FDC-42A3-9474-1A3956D46DE8}") = "Volunteers", "Volunteers", "{633A18E5-AF9D-4079-AB00-B1492BF9207D}"
EndProject
Project("{2150E333-8FDC-42A3-9474-1A3956D46DE8}") = "Species", "Species", "{A60AD536-51C5-475B-921D-2EA8090EE281}"
EndProject
Project("{FAE04EC0-301F-11D3-BF4B-00C04F79EFBC}") = "Volunteers.Domain", "src\Volunteers\Volunteers.Domain\Volunteers.Domain.csproj", "{8442B45A-A6E3-447A-8239-650D4BCACD07}"
EndProject
Project("{FAE04EC0-301F-11D3-BF4B-00C04F79EFBC}") = "Volunteers.Application", "src\Volunteers\Volunteers.Application\Volunteers.Application.csproj", "{D656921F-87C4-4B40-AA92-7BAE7611306E}"
EndProject
Project("{FAE04EC0-301F-11D3-BF4B-00C04F79EFBC}") = "Volunteers.Presenters", "src\Volunteers\Volunteers.Presenters\Volunteers.Presenters.csproj", "{ADB600EE-E06F-4F44-B3BA-013BA723E17D}"
EndProject
Project("{FAE04EC0-301F-11D3-BF4B-00C04F79EFBC}") = "Volunteers.Infrastructure", "src\Volunteers\Volunteers.Infrastructure\Volunteers.Infrastructure.csproj", "{49A164B6-5E14-4C56-930C-42A2A44D271A}"
EndProject
Project("{FAE04EC0-301F-11D3-BF4B-00C04F79EFBC}") = "Web", "src\Web\Web.csproj", "{B5E83931-A3D4-4A61-B943-94EF2E573487}"
EndProject
Project("{FAE04EC0-301F-11D3-BF4B-00C04F79EFBC}") = "Volunteers.Contracts", "src\Volunteers\Volunteers.Contracts\Volunteers.Contracts.csproj", "{A832552E-683A-4953-8F26-C4C527EF228F}"
EndProject
Project("{FAE04EC0-301F-11D3-BF4B-00C04F79EFBC}") = "Species.Domain", "src\Species\Species.Domain\Species.Domain.csproj", "{AF4CF2C3-249A-4A49-8E3F-7A5214E22DFF}"
EndProject
Project("{FAE04EC0-301F-11D3-BF4B-00C04F79EFBC}") = "Species.Application", "src\Species\Species.Application\Species.Application.csproj", "{90EDFCCF-DB82-4D51-95EC-85A1254B7873}"
EndProject
Project("{FAE04EC0-301F-11D3-BF4B-00C04F79EFBC}") = "Species.Infrastructure", "src\Species\Species.Infrastructure\Species.Infrastructure.csproj", "{A67D306D-CD31-410B-BCAD-3D53E8E094FF}"
EndProject
Project("{FAE04EC0-301F-11D3-BF4B-00C04F79EFBC}") = "Species.Contracts", "src\Species\Species.Contracts\Species.Contracts.csproj", "{BDE23B5D-4FD2-4B43-9EAB-FFFBFA45DF76}"
EndProject
Project("{FAE04EC0-301F-11D3-BF4B-00C04F79EFBC}") = "Species.Presenters", "src\Species\Species.Presenters\Species.Presenters.csproj", "{BBE99EC5-BAD1-438F-B188-00D2D1800EF9}"
EndProject
Project("{2150E333-8FDC-42A3-9474-1A3956D46DE8}") = "Shared", "Shared", "{3C3A135A-1794-4A21-A231-DB96E36BDA5A}"
EndProject
Project("{FAE04EC0-301F-11D3-BF4B-00C04F79EFBC}") = "SharedKernel", "src\Shared\SharedKernel\SharedKernel.csproj", "{379D8F9D-0525-42D9-B0FE-73954B5938C5}"
EndProject
Project("{FAE04EC0-301F-11D3-BF4B-00C04F79EFBC}") = "Framework", "src\Shared\Framework\Framework.csproj", "{9E3FA4EB-CA85-4154-BA29-89781711EE62}"
EndProject
Project("{FAE04EC0-301F-11D3-BF4B-00C04F79EFBC}") = "Core", "src\Shared\Core\Core.csproj", "{E49EB99F-14AF-4528-9944-3714E7D60D21}"
EndProject
Project("{2150E333-8FDC-42A3-9474-1A3956D46DE8}") = "Accounts", "Accounts", "{36D591C7-65C7-A0D1-1CBC-10CDE441BDC8}"
EndProject
Project("{FAE04EC0-301F-11D3-BF4B-00C04F79EFBC}") = "Accounts.Application", "src\Accounts\Accounts.Application\Accounts.Application.csproj", "{04ADEF55-17F9-4E2F-81B3-1A716F0B5FDD}"
EndProject
Project("{FAE04EC0-301F-11D3-BF4B-00C04F79EFBC}") = "Accounts.Contracts", "src\Accounts\Accounts.Contracts\Accounts.Contracts.csproj", "{13163925-06F9-4242-8E67-F9F90DBCB5BA}"
EndProject
Project("{FAE04EC0-301F-11D3-BF4B-00C04F79EFBC}") = "Accounts.Infrastructure", "src\Accounts\Accounts.Infrastructure\Accounts.Infrastructure.csproj", "{C62D0A1E-8E9C-43E4-892A-B92B07303A52}"
EndProject
Project("{FAE04EC0-301F-11D3-BF4B-00C04F79EFBC}") = "Accounts.Domain", "src\Accounts\Accounts.Domain\Accounts.Domain.csproj", "{E7FE44E3-BCA9-4C36-9D3A-83D29D6DE9B5}"
EndProject
Project("{FAE04EC0-301F-11D3-BF4B-00C04F79EFBC}") = "Accounts.Presenters", "src\Accounts\Accounts.Presenters\Accounts.Presenters.csproj", "{901B265E-638D-485D-AE3B-DD484143C421}"
EndProject
Project("{2150E333-8FDC-42A3-9474-1A3956D46DE8}") = "Species", "Species", "{AAECF1CE-42B9-4CBB-AAE3-7046597B4C7A}"
EndProject
Project("{2150E333-8FDC-42A3-9474-1A3956D46DE8}") = "Volunteers", "Volunteers", "{FA611150-1CEA-4918-B6D6-4EF94A7A3644}"
EndProject
Project("{FAE04EC0-301F-11D3-BF4B-00C04F79EFBC}") = "Volunteers.Domain.UnitTests", "tests\Volunteers\Volunteers.Domain.UnitTests\Volunteers.Domain.UnitTests.csproj", "{11E89470-06A8-424F-86D8-18889925C4C4}"
EndProject
Project("{FAE04EC0-301F-11D3-BF4B-00C04F79EFBC}") = "Volunteers.IntegrationTests", "tests\Volunteers\Volunteers.IntegrationTests\Volunteers.IntegrationTests.csproj", "{74FC0084-6E37-4650-9033-C2DB601B07F5}"
EndProject
Project("{FAE04EC0-301F-11D3-BF4B-00C04F79EFBC}") = "Species.Domain.UnitTests", "tests\Species\Species.Domain.UnitTests\Species.Domain.UnitTests.csproj", "{46BEE978-75B0-404A-B8D2-7F9B4513EC90}"
EndProject
Project("{FAE04EC0-301F-11D3-BF4B-00C04F79EFBC}") = "Species.IntegrationTests", "tests\Species\Species.IntegrationTests\Species.IntegrationTests.csproj", "{CBB05FAB-F5EA-45AD-ADE0-CABDA6821DBA}"
EndProject
Global
	GlobalSection(SolutionConfigurationPlatforms) = preSolution
		Debug|Any CPU = Debug|Any CPU
		Release|Any CPU = Release|Any CPU
	EndGlobalSection
	GlobalSection(ProjectConfigurationPlatforms) = postSolution
		{C7589DAB-28AE-4DF8-BC00-51BD9E6063E3}.Debug|Any CPU.ActiveCfg = Debug|Any CPU
		{C7589DAB-28AE-4DF8-BC00-51BD9E6063E3}.Debug|Any CPU.Build.0 = Debug|Any CPU
		{C7589DAB-28AE-4DF8-BC00-51BD9E6063E3}.Release|Any CPU.ActiveCfg = Release|Any CPU
		{C7589DAB-28AE-4DF8-BC00-51BD9E6063E3}.Release|Any CPU.Build.0 = Release|Any CPU
		{8442B45A-A6E3-447A-8239-650D4BCACD07}.Debug|Any CPU.ActiveCfg = Debug|Any CPU
		{8442B45A-A6E3-447A-8239-650D4BCACD07}.Debug|Any CPU.Build.0 = Debug|Any CPU
		{8442B45A-A6E3-447A-8239-650D4BCACD07}.Release|Any CPU.ActiveCfg = Release|Any CPU
		{8442B45A-A6E3-447A-8239-650D4BCACD07}.Release|Any CPU.Build.0 = Release|Any CPU
		{D656921F-87C4-4B40-AA92-7BAE7611306E}.Debug|Any CPU.ActiveCfg = Debug|Any CPU
		{D656921F-87C4-4B40-AA92-7BAE7611306E}.Debug|Any CPU.Build.0 = Debug|Any CPU
		{D656921F-87C4-4B40-AA92-7BAE7611306E}.Release|Any CPU.ActiveCfg = Release|Any CPU
		{D656921F-87C4-4B40-AA92-7BAE7611306E}.Release|Any CPU.Build.0 = Release|Any CPU
		{ADB600EE-E06F-4F44-B3BA-013BA723E17D}.Debug|Any CPU.ActiveCfg = Debug|Any CPU
		{ADB600EE-E06F-4F44-B3BA-013BA723E17D}.Debug|Any CPU.Build.0 = Debug|Any CPU
		{ADB600EE-E06F-4F44-B3BA-013BA723E17D}.Release|Any CPU.ActiveCfg = Release|Any CPU
		{ADB600EE-E06F-4F44-B3BA-013BA723E17D}.Release|Any CPU.Build.0 = Release|Any CPU
		{49A164B6-5E14-4C56-930C-42A2A44D271A}.Debug|Any CPU.ActiveCfg = Debug|Any CPU
		{49A164B6-5E14-4C56-930C-42A2A44D271A}.Debug|Any CPU.Build.0 = Debug|Any CPU
		{49A164B6-5E14-4C56-930C-42A2A44D271A}.Release|Any CPU.ActiveCfg = Release|Any CPU
		{49A164B6-5E14-4C56-930C-42A2A44D271A}.Release|Any CPU.Build.0 = Release|Any CPU
		{B5E83931-A3D4-4A61-B943-94EF2E573487}.Debug|Any CPU.ActiveCfg = Debug|Any CPU
		{B5E83931-A3D4-4A61-B943-94EF2E573487}.Debug|Any CPU.Build.0 = Debug|Any CPU
		{B5E83931-A3D4-4A61-B943-94EF2E573487}.Release|Any CPU.ActiveCfg = Release|Any CPU
		{B5E83931-A3D4-4A61-B943-94EF2E573487}.Release|Any CPU.Build.0 = Release|Any CPU
		{A832552E-683A-4953-8F26-C4C527EF228F}.Debug|Any CPU.ActiveCfg = Debug|Any CPU
		{A832552E-683A-4953-8F26-C4C527EF228F}.Debug|Any CPU.Build.0 = Debug|Any CPU
		{A832552E-683A-4953-8F26-C4C527EF228F}.Release|Any CPU.ActiveCfg = Release|Any CPU
		{A832552E-683A-4953-8F26-C4C527EF228F}.Release|Any CPU.Build.0 = Release|Any CPU
		{AF4CF2C3-249A-4A49-8E3F-7A5214E22DFF}.Debug|Any CPU.ActiveCfg = Debug|Any CPU
		{AF4CF2C3-249A-4A49-8E3F-7A5214E22DFF}.Debug|Any CPU.Build.0 = Debug|Any CPU
		{AF4CF2C3-249A-4A49-8E3F-7A5214E22DFF}.Release|Any CPU.ActiveCfg = Release|Any CPU
		{AF4CF2C3-249A-4A49-8E3F-7A5214E22DFF}.Release|Any CPU.Build.0 = Release|Any CPU
		{90EDFCCF-DB82-4D51-95EC-85A1254B7873}.Debug|Any CPU.ActiveCfg = Debug|Any CPU
		{90EDFCCF-DB82-4D51-95EC-85A1254B7873}.Debug|Any CPU.Build.0 = Debug|Any CPU
		{90EDFCCF-DB82-4D51-95EC-85A1254B7873}.Release|Any CPU.ActiveCfg = Release|Any CPU
		{90EDFCCF-DB82-4D51-95EC-85A1254B7873}.Release|Any CPU.Build.0 = Release|Any CPU
		{A67D306D-CD31-410B-BCAD-3D53E8E094FF}.Debug|Any CPU.ActiveCfg = Debug|Any CPU
		{A67D306D-CD31-410B-BCAD-3D53E8E094FF}.Debug|Any CPU.Build.0 = Debug|Any CPU
		{A67D306D-CD31-410B-BCAD-3D53E8E094FF}.Release|Any CPU.ActiveCfg = Release|Any CPU
		{A67D306D-CD31-410B-BCAD-3D53E8E094FF}.Release|Any CPU.Build.0 = Release|Any CPU
		{BDE23B5D-4FD2-4B43-9EAB-FFFBFA45DF76}.Debug|Any CPU.ActiveCfg = Debug|Any CPU
		{BDE23B5D-4FD2-4B43-9EAB-FFFBFA45DF76}.Debug|Any CPU.Build.0 = Debug|Any CPU
		{BDE23B5D-4FD2-4B43-9EAB-FFFBFA45DF76}.Release|Any CPU.ActiveCfg = Release|Any CPU
		{BDE23B5D-4FD2-4B43-9EAB-FFFBFA45DF76}.Release|Any CPU.Build.0 = Release|Any CPU
		{BBE99EC5-BAD1-438F-B188-00D2D1800EF9}.Debug|Any CPU.ActiveCfg = Debug|Any CPU
		{BBE99EC5-BAD1-438F-B188-00D2D1800EF9}.Debug|Any CPU.Build.0 = Debug|Any CPU
		{BBE99EC5-BAD1-438F-B188-00D2D1800EF9}.Release|Any CPU.ActiveCfg = Release|Any CPU
		{BBE99EC5-BAD1-438F-B188-00D2D1800EF9}.Release|Any CPU.Build.0 = Release|Any CPU
		{379D8F9D-0525-42D9-B0FE-73954B5938C5}.Debug|Any CPU.ActiveCfg = Debug|Any CPU
		{379D8F9D-0525-42D9-B0FE-73954B5938C5}.Debug|Any CPU.Build.0 = Debug|Any CPU
		{379D8F9D-0525-42D9-B0FE-73954B5938C5}.Release|Any CPU.ActiveCfg = Release|Any CPU
		{379D8F9D-0525-42D9-B0FE-73954B5938C5}.Release|Any CPU.Build.0 = Release|Any CPU
		{9E3FA4EB-CA85-4154-BA29-89781711EE62}.Debug|Any CPU.ActiveCfg = Debug|Any CPU
		{9E3FA4EB-CA85-4154-BA29-89781711EE62}.Debug|Any CPU.Build.0 = Debug|Any CPU
		{9E3FA4EB-CA85-4154-BA29-89781711EE62}.Release|Any CPU.ActiveCfg = Release|Any CPU
		{9E3FA4EB-CA85-4154-BA29-89781711EE62}.Release|Any CPU.Build.0 = Release|Any CPU
		{E49EB99F-14AF-4528-9944-3714E7D60D21}.Debug|Any CPU.ActiveCfg = Debug|Any CPU
		{E49EB99F-14AF-4528-9944-3714E7D60D21}.Debug|Any CPU.Build.0 = Debug|Any CPU
		{E49EB99F-14AF-4528-9944-3714E7D60D21}.Release|Any CPU.ActiveCfg = Release|Any CPU
		{E49EB99F-14AF-4528-9944-3714E7D60D21}.Release|Any CPU.Build.0 = Release|Any CPU
		{04ADEF55-17F9-4E2F-81B3-1A716F0B5FDD}.Debug|Any CPU.ActiveCfg = Debug|Any CPU
		{04ADEF55-17F9-4E2F-81B3-1A716F0B5FDD}.Debug|Any CPU.Build.0 = Debug|Any CPU
		{04ADEF55-17F9-4E2F-81B3-1A716F0B5FDD}.Release|Any CPU.ActiveCfg = Release|Any CPU
		{04ADEF55-17F9-4E2F-81B3-1A716F0B5FDD}.Release|Any CPU.Build.0 = Release|Any CPU
		{13163925-06F9-4242-8E67-F9F90DBCB5BA}.Debug|Any CPU.ActiveCfg = Debug|Any CPU
		{13163925-06F9-4242-8E67-F9F90DBCB5BA}.Debug|Any CPU.Build.0 = Debug|Any CPU
		{13163925-06F9-4242-8E67-F9F90DBCB5BA}.Release|Any CPU.ActiveCfg = Release|Any CPU
		{13163925-06F9-4242-8E67-F9F90DBCB5BA}.Release|Any CPU.Build.0 = Release|Any CPU
		{C62D0A1E-8E9C-43E4-892A-B92B07303A52}.Debug|Any CPU.ActiveCfg = Debug|Any CPU
		{C62D0A1E-8E9C-43E4-892A-B92B07303A52}.Debug|Any CPU.Build.0 = Debug|Any CPU
		{C62D0A1E-8E9C-43E4-892A-B92B07303A52}.Release|Any CPU.ActiveCfg = Release|Any CPU
		{C62D0A1E-8E9C-43E4-892A-B92B07303A52}.Release|Any CPU.Build.0 = Release|Any CPU
		{E7FE44E3-BCA9-4C36-9D3A-83D29D6DE9B5}.Debug|Any CPU.ActiveCfg = Debug|Any CPU
		{E7FE44E3-BCA9-4C36-9D3A-83D29D6DE9B5}.Debug|Any CPU.Build.0 = Debug|Any CPU
		{E7FE44E3-BCA9-4C36-9D3A-83D29D6DE9B5}.Release|Any CPU.ActiveCfg = Release|Any CPU
		{E7FE44E3-BCA9-4C36-9D3A-83D29D6DE9B5}.Release|Any CPU.Build.0 = Release|Any CPU
		{901B265E-638D-485D-AE3B-DD484143C421}.Debug|Any CPU.ActiveCfg = Debug|Any CPU
		{901B265E-638D-485D-AE3B-DD484143C421}.Debug|Any CPU.Build.0 = Debug|Any CPU
		{901B265E-638D-485D-AE3B-DD484143C421}.Release|Any CPU.ActiveCfg = Release|Any CPU
		{901B265E-638D-485D-AE3B-DD484143C421}.Release|Any CPU.Build.0 = Release|Any CPU
		{11E89470-06A8-424F-86D8-18889925C4C4}.Debug|Any CPU.ActiveCfg = Debug|Any CPU
		{11E89470-06A8-424F-86D8-18889925C4C4}.Debug|Any CPU.Build.0 = Debug|Any CPU
		{11E89470-06A8-424F-86D8-18889925C4C4}.Release|Any CPU.ActiveCfg = Release|Any CPU
		{11E89470-06A8-424F-86D8-18889925C4C4}.Release|Any CPU.Build.0 = Release|Any CPU
		{74FC0084-6E37-4650-9033-C2DB601B07F5}.Debug|Any CPU.ActiveCfg = Debug|Any CPU
		{74FC0084-6E37-4650-9033-C2DB601B07F5}.Debug|Any CPU.Build.0 = Debug|Any CPU
		{74FC0084-6E37-4650-9033-C2DB601B07F5}.Release|Any CPU.ActiveCfg = Release|Any CPU
		{74FC0084-6E37-4650-9033-C2DB601B07F5}.Release|Any CPU.Build.0 = Release|Any CPU
		{46BEE978-75B0-404A-B8D2-7F9B4513EC90}.Debug|Any CPU.ActiveCfg = Debug|Any CPU
		{46BEE978-75B0-404A-B8D2-7F9B4513EC90}.Debug|Any CPU.Build.0 = Debug|Any CPU
		{46BEE978-75B0-404A-B8D2-7F9B4513EC90}.Release|Any CPU.ActiveCfg = Release|Any CPU
		{46BEE978-75B0-404A-B8D2-7F9B4513EC90}.Release|Any CPU.Build.0 = Release|Any CPU
		{CBB05FAB-F5EA-45AD-ADE0-CABDA6821DBA}.Debug|Any CPU.ActiveCfg = Debug|Any CPU
		{CBB05FAB-F5EA-45AD-ADE0-CABDA6821DBA}.Debug|Any CPU.Build.0 = Debug|Any CPU
		{CBB05FAB-F5EA-45AD-ADE0-CABDA6821DBA}.Release|Any CPU.ActiveCfg = Release|Any CPU
		{CBB05FAB-F5EA-45AD-ADE0-CABDA6821DBA}.Release|Any CPU.Build.0 = Release|Any CPU
	EndGlobalSection
	GlobalSection(SolutionProperties) = preSolution
		HideSolutionNode = FALSE
	EndGlobalSection
	GlobalSection(NestedProjects) = preSolution
		{C7589DAB-28AE-4DF8-BC00-51BD9E6063E3} = {9DE3796D-8C9F-404C-AF8E-C5681DA44056}
		{633A18E5-AF9D-4079-AB00-B1492BF9207D} = {473CDD97-2471-4074-ADD5-C7AA6E8303DF}
		{A60AD536-51C5-475B-921D-2EA8090EE281} = {473CDD97-2471-4074-ADD5-C7AA6E8303DF}
		{8442B45A-A6E3-447A-8239-650D4BCACD07} = {633A18E5-AF9D-4079-AB00-B1492BF9207D}
		{D656921F-87C4-4B40-AA92-7BAE7611306E} = {633A18E5-AF9D-4079-AB00-B1492BF9207D}
		{ADB600EE-E06F-4F44-B3BA-013BA723E17D} = {633A18E5-AF9D-4079-AB00-B1492BF9207D}
		{49A164B6-5E14-4C56-930C-42A2A44D271A} = {633A18E5-AF9D-4079-AB00-B1492BF9207D}
		{B5E83931-A3D4-4A61-B943-94EF2E573487} = {473CDD97-2471-4074-ADD5-C7AA6E8303DF}
		{A832552E-683A-4953-8F26-C4C527EF228F} = {633A18E5-AF9D-4079-AB00-B1492BF9207D}
		{AF4CF2C3-249A-4A49-8E3F-7A5214E22DFF} = {A60AD536-51C5-475B-921D-2EA8090EE281}
		{90EDFCCF-DB82-4D51-95EC-85A1254B7873} = {A60AD536-51C5-475B-921D-2EA8090EE281}
		{A67D306D-CD31-410B-BCAD-3D53E8E094FF} = {A60AD536-51C5-475B-921D-2EA8090EE281}
		{BDE23B5D-4FD2-4B43-9EAB-FFFBFA45DF76} = {A60AD536-51C5-475B-921D-2EA8090EE281}
		{BBE99EC5-BAD1-438F-B188-00D2D1800EF9} = {A60AD536-51C5-475B-921D-2EA8090EE281}
		{3C3A135A-1794-4A21-A231-DB96E36BDA5A} = {473CDD97-2471-4074-ADD5-C7AA6E8303DF}
		{379D8F9D-0525-42D9-B0FE-73954B5938C5} = {3C3A135A-1794-4A21-A231-DB96E36BDA5A}
		{9E3FA4EB-CA85-4154-BA29-89781711EE62} = {3C3A135A-1794-4A21-A231-DB96E36BDA5A}
		{E49EB99F-14AF-4528-9944-3714E7D60D21} = {3C3A135A-1794-4A21-A231-DB96E36BDA5A}
		{36D591C7-65C7-A0D1-1CBC-10CDE441BDC8} = {473CDD97-2471-4074-ADD5-C7AA6E8303DF}
		{04ADEF55-17F9-4E2F-81B3-1A716F0B5FDD} = {36D591C7-65C7-A0D1-1CBC-10CDE441BDC8}
		{13163925-06F9-4242-8E67-F9F90DBCB5BA} = {36D591C7-65C7-A0D1-1CBC-10CDE441BDC8}
		{C62D0A1E-8E9C-43E4-892A-B92B07303A52} = {36D591C7-65C7-A0D1-1CBC-10CDE441BDC8}
		{E7FE44E3-BCA9-4C36-9D3A-83D29D6DE9B5} = {36D591C7-65C7-A0D1-1CBC-10CDE441BDC8}
		{901B265E-638D-485D-AE3B-DD484143C421} = {36D591C7-65C7-A0D1-1CBC-10CDE441BDC8}
		{AAECF1CE-42B9-4CBB-AAE3-7046597B4C7A} = {9DE3796D-8C9F-404C-AF8E-C5681DA44056}
		{FA611150-1CEA-4918-B6D6-4EF94A7A3644} = {9DE3796D-8C9F-404C-AF8E-C5681DA44056}
		{11E89470-06A8-424F-86D8-18889925C4C4} = {FA611150-1CEA-4918-B6D6-4EF94A7A3644}
		{74FC0084-6E37-4650-9033-C2DB601B07F5} = {FA611150-1CEA-4918-B6D6-4EF94A7A3644}
		{46BEE978-75B0-404A-B8D2-7F9B4513EC90} = {AAECF1CE-42B9-4CBB-AAE3-7046597B4C7A}
		{CBB05FAB-F5EA-45AD-ADE0-CABDA6821DBA} = {AAECF1CE-42B9-4CBB-AAE3-7046597B4C7A}
	EndGlobalSection
	GlobalSection(ExtensibilityGlobals) = postSolution
		SolutionGuid = {37239866-8E94-470B-B713-B351DE2419A3}
	EndGlobalSection
EndGlobal
