
Microsoft Visual Studio Solution File, Format Version 12.00
# Visual Studio Version 17
VisualStudioVersion = 17.0.31903.59
MinimumVisualStudioVersion = 10.0.40219.1
Project("{2150E333-8FDC-42A3-9474-1A3956D46DE8}") = "tests", "tests", "{9DE3796D-8C9F-404C-AF8E-C5681DA44056}"
EndProject
Project("{2150E333-8FDC-42A3-9474-1A3956D46DE8}") = "src", "src", "{473CDD97-2471-4074-ADD5-C7AA6E8303DF}"
EndProject
Project("{FAE04EC0-301F-11D3-BF4B-00C04F79EFBC}") = "PetFamily.Domain.UnitTests", "tests\PetFamily.UnitTests\PetFamily.Domain.UnitTests.csproj", "{A0AC75AA-0060-4F95-AD7F-6AC1972A292C}"
EndProject
Project("{FAE04EC0-301F-11D3-BF4B-00C04F79EFBC}") = "PetFamily.Applicatoin.UnitTests", "tests\PetFamily.Applicatoin.UnitTests\PetFamily.Applicatoin.UnitTests.csproj", "{1718E84A-E3C5-4C7A-B11F-BC12F7D0FBFA}"
EndProject
Project("{FAE04EC0-301F-11D3-BF4B-00C04F79EFBC}") = "PetFamily.Volunteers.IntegrationTests", "tests\PetFamily.Volunteers.IntegrationTests\PetFamily.Volunteers.IntegrationTests.csproj", "{C7589DAB-28AE-4DF8-BC00-51BD9E6063E3}"
EndProject
Project("{2150E333-8FDC-42A3-9474-1A3956D46DE8}") = "Volunteers", "Volunteers", "{633A18E5-AF9D-4079-AB00-B1492BF9207D}"
EndProject
Project("{2150E333-8FDC-42A3-9474-1A3956D46DE8}") = "Species", "Species", "{A60AD536-51C5-475B-921D-2EA8090EE281}"
EndProject
Project("{FAE04EC0-301F-11D3-BF4B-00C04F79EFBC}") = "Volunteers.Domain", "src\Volunteers\Volunteers.Domain\Volunteers.Domain.csproj", "{8442B45A-A6E3-447A-8239-650D4BCACD07}"
EndProject
Project("{FAE04EC0-301F-11D3-BF4B-00C04F79EFBC}") = "Volunteers.Application", "src\Volunteers\Volunteers.Application\Volunteers.Application.csproj", "{D656921F-87C4-4B40-AA92-7BAE7611306E}"
EndProject
Project("{FAE04EC0-301F-11D3-BF4B-00C04F79EFBC}") = "Volunteers.Presenters", "src\Volunteers\Volunteers.Presenters\Volunteers.Presenters.csproj", "{ADB600EE-E06F-4F44-B3BA-013BA723E17D}"
EndProject
Project("{FAE04EC0-301F-11D3-BF4B-00C04F79EFBC}") = "Volunteers.Infrastructure", "src\Volunteers\Volunteers.Infrastructure\Volunteers.Infrastructure.csproj", "{49A164B6-5E14-4C56-930C-42A2A44D271A}"
EndProject
Project("{FAE04EC0-301F-11D3-BF4B-00C04F79EFBC}") = "Web", "src\Web\Web.csproj", "{B5E83931-A3D4-4A61-B943-94EF2E573487}"
EndProject
Project("{FAE04EC0-301F-11D3-BF4B-00C04F79EFBC}") = "Volunteers.Contracts", "src\Volunteers\Volunteers.Contracts\Volunteers.Contracts.csproj", "{A832552E-683A-4953-8F26-C4C527EF228F}"
EndProject
Project("{FAE04EC0-301F-11D3-BF4B-00C04F79EFBC}") = "Species.Domain", "src\Species\Species.Domain\Species.Domain.csproj", "{AF4CF2C3-249A-4A49-8E3F-7A5214E22DFF}"
EndProject
Project("{FAE04EC0-301F-11D3-BF4B-00C04F79EFBC}") = "Species.Application", "src\Species\Species.Application\Species.Application.csproj", "{90EDFCCF-DB82-4D51-95EC-85A1254B7873}"
EndProject
Project("{FAE04EC0-301F-11D3-BF4B-00C04F79EFBC}") = "Species.Infrastructure", "src\Species\Species.Infrastructure\Species.Infrastructure.csproj", "{A67D306D-CD31-410B-BCAD-3D53E8E094FF}"
EndProject
Project("{FAE04EC0-301F-11D3-BF4B-00C04F79EFBC}") = "Species.Contracts", "src\Species\Species.Contracts\Species.Contracts.csproj", "{BDE23B5D-4FD2-4B43-9EAB-FFFBFA45DF76}"
EndProject
Project("{FAE04EC0-301F-11D3-BF4B-00C04F79EFBC}") = "Species.Presenters", "src\Species\Species.Presenters\Species.Presenters.csproj", "{BBE99EC5-BAD1-438F-B188-00D2D1800EF9}"
EndProject
Project("{2150E333-8FDC-42A3-9474-1A3956D46DE8}") = "Shared", "Shared", "{3C3A135A-1794-4A21-A231-DB96E36BDA5A}"
EndProject
Project("{FAE04EC0-301F-11D3-BF4B-00C04F79EFBC}") = "SharedKernel", "src\Shared\SharedKernel\SharedKernel.csproj", "{379D8F9D-0525-42D9-B0FE-73954B5938C5}"
EndProject
Project("{FAE04EC0-301F-11D3-BF4B-00C04F79EFBC}") = "Framework", "src\Shared\Framework\Framework.csproj", "{9E3FA4EB-CA85-4154-BA29-89781711EE62}"
EndProject
Project("{FAE04EC0-301F-11D3-BF4B-00C04F79EFBC}") = "Core", "src\Shared\Core\Core.csproj", "{E49EB99F-14AF-4528-9944-3714E7D60D21}"
EndProject
Global
	GlobalSection(SolutionConfigurationPlatforms) = preSolution
		Debug|Any CPU = Debug|Any CPU
		Release|Any CPU = Release|Any CPU
	EndGlobalSection
	GlobalSection(ProjectConfigurationPlatforms) = postSolution
		{A0AC75AA-0060-4F95-AD7F-6AC1972A292C}.Debug|Any CPU.ActiveCfg = Debug|Any CPU
		{A0AC75AA-0060-4F95-AD7F-6AC1972A292C}.Debug|Any CPU.Build.0 = Debug|Any CPU
		{A0AC75AA-0060-4F95-AD7F-6AC1972A292C}.Release|Any CPU.ActiveCfg = Release|Any CPU
		{A0AC75AA-0060-4F95-AD7F-6AC1972A292C}.Release|Any CPU.Build.0 = Release|Any CPU
		{1718E84A-E3C5-4C7A-B11F-BC12F7D0FBFA}.Debug|Any CPU.ActiveCfg = Debug|Any CPU
		{1718E84A-E3C5-4C7A-B11F-BC12F7D0FBFA}.Debug|Any CPU.Build.0 = Debug|Any CPU
		{1718E84A-E3C5-4C7A-B11F-BC12F7D0FBFA}.Release|Any CPU.ActiveCfg = Release|Any CPU
		{1718E84A-E3C5-4C7A-B11F-BC12F7D0FBFA}.Release|Any CPU.Build.0 = Release|Any CPU
		{C7589DAB-28AE-4DF8-BC00-51BD9E6063E3}.Debug|Any CPU.ActiveCfg = Debug|Any CPU
		{C7589DAB-28AE-4DF8-BC00-51BD9E6063E3}.Debug|Any CPU.Build.0 = Debug|Any CPU
		{C7589DAB-28AE-4DF8-BC00-51BD9E6063E3}.Release|Any CPU.ActiveCfg = Release|Any CPU
		{C7589DAB-28AE-4DF8-BC00-51BD9E6063E3}.Release|Any CPU.Build.0 = Release|Any CPU
		{8442B45A-A6E3-447A-8239-650D4BCACD07}.Debug|Any CPU.ActiveCfg = Debug|Any CPU
		{8442B45A-A6E3-447A-8239-650D4BCACD07}.Debug|Any CPU.Build.0 = Debug|Any CPU
		{8442B45A-A6E3-447A-8239-650D4BCACD07}.Release|Any CPU.ActiveCfg = Release|Any CPU
		{8442B45A-A6E3-447A-8239-650D4BCACD07}.Release|Any CPU.Build.0 = Release|Any CPU
		{D656921F-87C4-4B40-AA92-7BAE7611306E}.Debug|Any CPU.ActiveCfg = Debug|Any CPU
		{D656921F-87C4-4B40-AA92-7BAE7611306E}.Debug|Any CPU.Build.0 = Debug|Any CPU
		{D656921F-87C4-4B40-AA92-7BAE7611306E}.Release|Any CPU.ActiveCfg = Release|Any CPU
		{D656921F-87C4-4B40-AA92-7BAE7611306E}.Release|Any CPU.Build.0 = Release|Any CPU
		{ADB600EE-E06F-4F44-B3BA-013BA723E17D}.Debug|Any CPU.ActiveCfg = Debug|Any CPU
		{ADB600EE-E06F-4F44-B3BA-013BA723E17D}.Debug|Any CPU.Build.0 = Debug|Any CPU
		{ADB600EE-E06F-4F44-B3BA-013BA723E17D}.Release|Any CPU.ActiveCfg = Release|Any CPU
		{ADB600EE-E06F-4F44-B3BA-013BA723E17D}.Release|Any CPU.Build.0 = Release|Any CPU
		{49A164B6-5E14-4C56-930C-42A2A44D271A}.Debug|Any CPU.ActiveCfg = Debug|Any CPU
		{49A164B6-5E14-4C56-930C-42A2A44D271A}.Debug|Any CPU.Build.0 = Debug|Any CPU
		{49A164B6-5E14-4C56-930C-42A2A44D271A}.Release|Any CPU.ActiveCfg = Release|Any CPU
		{49A164B6-5E14-4C56-930C-42A2A44D271A}.Release|Any CPU.Build.0 = Release|Any CPU
		{B5E83931-A3D4-4A61-B943-94EF2E573487}.Debug|Any CPU.ActiveCfg = Debug|Any CPU
		{B5E83931-A3D4-4A61-B943-94EF2E573487}.Debug|Any CPU.Build.0 = Debug|Any CPU
		{B5E83931-A3D4-4A61-B943-94EF2E573487}.Release|Any CPU.ActiveCfg = Release|Any CPU
		{B5E83931-A3D4-4A61-B943-94EF2E573487}.Release|Any CPU.Build.0 = Release|Any CPU
		{A832552E-683A-4953-8F26-C4C527EF228F}.Debug|Any CPU.ActiveCfg = Debug|Any CPU
		{A832552E-683A-4953-8F26-C4C527EF228F}.Debug|Any CPU.Build.0 = Debug|Any CPU
		{A832552E-683A-4953-8F26-C4C527EF228F}.Release|Any CPU.ActiveCfg = Release|Any CPU
		{A832552E-683A-4953-8F26-C4C527EF228F}.Release|Any CPU.Build.0 = Release|Any CPU
		{AF4CF2C3-249A-4A49-8E3F-7A5214E22DFF}.Debug|Any CPU.ActiveCfg = Debug|Any CPU
		{AF4CF2C3-249A-4A49-8E3F-7A5214E22DFF}.Debug|Any CPU.Build.0 = Debug|Any CPU
		{AF4CF2C3-249A-4A49-8E3F-7A5214E22DFF}.Release|Any CPU.ActiveCfg = Release|Any CPU
		{AF4CF2C3-249A-4A49-8E3F-7A5214E22DFF}.Release|Any CPU.Build.0 = Release|Any CPU
		{90EDFCCF-DB82-4D51-95EC-85A1254B7873}.Debug|Any CPU.ActiveCfg = Debug|Any CPU
		{90EDFCCF-DB82-4D51-95EC-85A1254B7873}.Debug|Any CPU.Build.0 = Debug|Any CPU
		{90EDFCCF-DB82-4D51-95EC-85A1254B7873}.Release|Any CPU.ActiveCfg = Release|Any CPU
		{90EDFCCF-DB82-4D51-95EC-85A1254B7873}.Release|Any CPU.Build.0 = Release|Any CPU
		{A67D306D-CD31-410B-BCAD-3D53E8E094FF}.Debug|Any CPU.ActiveCfg = Debug|Any CPU
		{A67D306D-CD31-410B-BCAD-3D53E8E094FF}.Debug|Any CPU.Build.0 = Debug|Any CPU
		{A67D306D-CD31-410B-BCAD-3D53E8E094FF}.Release|Any CPU.ActiveCfg = Release|Any CPU
		{A67D306D-CD31-410B-BCAD-3D53E8E094FF}.Release|Any CPU.Build.0 = Release|Any CPU
		{BDE23B5D-4FD2-4B43-9EAB-FFFBFA45DF76}.Debug|Any CPU.ActiveCfg = Debug|Any CPU
		{BDE23B5D-4FD2-4B43-9EAB-FFFBFA45DF76}.Debug|Any CPU.Build.0 = Debug|Any CPU
		{BDE23B5D-4FD2-4B43-9EAB-FFFBFA45DF76}.Release|Any CPU.ActiveCfg = Release|Any CPU
		{BDE23B5D-4FD2-4B43-9EAB-FFFBFA45DF76}.Release|Any CPU.Build.0 = Release|Any CPU
		{BBE99EC5-BAD1-438F-B188-00D2D1800EF9}.Debug|Any CPU.ActiveCfg = Debug|Any CPU
		{BBE99EC5-BAD1-438F-B188-00D2D1800EF9}.Debug|Any CPU.Build.0 = Debug|Any CPU
		{BBE99EC5-BAD1-438F-B188-00D2D1800EF9}.Release|Any CPU.ActiveCfg = Release|Any CPU
		{BBE99EC5-BAD1-438F-B188-00D2D1800EF9}.Release|Any CPU.Build.0 = Release|Any CPU
		{379D8F9D-0525-42D9-B0FE-73954B5938C5}.Debug|Any CPU.ActiveCfg = Debug|Any CPU
		{379D8F9D-0525-42D9-B0FE-73954B5938C5}.Debug|Any CPU.Build.0 = Debug|Any CPU
		{379D8F9D-0525-42D9-B0FE-73954B5938C5}.Release|Any CPU.ActiveCfg = Release|Any CPU
		{379D8F9D-0525-42D9-B0FE-73954B5938C5}.Release|Any CPU.Build.0 = Release|Any CPU
		{9E3FA4EB-CA85-4154-BA29-89781711EE62}.Debug|Any CPU.ActiveCfg = Debug|Any CPU
		{9E3FA4EB-CA85-4154-BA29-89781711EE62}.Debug|Any CPU.Build.0 = Debug|Any CPU
		{9E3FA4EB-CA85-4154-BA29-89781711EE62}.Release|Any CPU.ActiveCfg = Release|Any CPU
		{9E3FA4EB-CA85-4154-BA29-89781711EE62}.Release|Any CPU.Build.0 = Release|Any CPU
		{E49EB99F-14AF-4528-9944-3714E7D60D21}.Debug|Any CPU.ActiveCfg = Debug|Any CPU
		{E49EB99F-14AF-4528-9944-3714E7D60D21}.Debug|Any CPU.Build.0 = Debug|Any CPU
		{E49EB99F-14AF-4528-9944-3714E7D60D21}.Release|Any CPU.ActiveCfg = Release|Any CPU
		{E49EB99F-14AF-4528-9944-3714E7D60D21}.Release|Any CPU.Build.0 = Release|Any CPU
	EndGlobalSection
	GlobalSection(SolutionProperties) = preSolution
		HideSolutionNode = FALSE
	EndGlobalSection
	GlobalSection(NestedProjects) = preSolution
		{A0AC75AA-0060-4F95-AD7F-6AC1972A292C} = {9DE3796D-8C9F-404C-AF8E-C5681DA44056}
		{1718E84A-E3C5-4C7A-B11F-BC12F7D0FBFA} = {9DE3796D-8C9F-404C-AF8E-C5681DA44056}
		{C7589DAB-28AE-4DF8-BC00-51BD9E6063E3} = {9DE3796D-8C9F-404C-AF8E-C5681DA44056}
		{633A18E5-AF9D-4079-AB00-B1492BF9207D} = {473CDD97-2471-4074-ADD5-C7AA6E8303DF}
		{A60AD536-51C5-475B-921D-2EA8090EE281} = {473CDD97-2471-4074-ADD5-C7AA6E8303DF}
		{8442B45A-A6E3-447A-8239-650D4BCACD07} = {633A18E5-AF9D-4079-AB00-B1492BF9207D}
		{D656921F-87C4-4B40-AA92-7BAE7611306E} = {633A18E5-AF9D-4079-AB00-B1492BF9207D}
		{ADB600EE-E06F-4F44-B3BA-013BA723E17D} = {633A18E5-AF9D-4079-AB00-B1492BF9207D}
		{49A164B6-5E14-4C56-930C-42A2A44D271A} = {633A18E5-AF9D-4079-AB00-B1492BF9207D}
		{B5E83931-A3D4-4A61-B943-94EF2E573487} = {473CDD97-2471-4074-ADD5-C7AA6E8303DF}
		{A832552E-683A-4953-8F26-C4C527EF228F} = {633A18E5-AF9D-4079-AB00-B1492BF9207D}
		{AF4CF2C3-249A-4A49-8E3F-7A5214E22DFF} = {A60AD536-51C5-475B-921D-2EA8090EE281}
		{90EDFCCF-DB82-4D51-95EC-85A1254B7873} = {A60AD536-51C5-475B-921D-2EA8090EE281}
		{A67D306D-CD31-410B-BCAD-3D53E8E094FF} = {A60AD536-51C5-475B-921D-2EA8090EE281}
		{BDE23B5D-4FD2-4B43-9EAB-FFFBFA45DF76} = {A60AD536-51C5-475B-921D-2EA8090EE281}
		{BBE99EC5-BAD1-438F-B188-00D2D1800EF9} = {A60AD536-51C5-475B-921D-2EA8090EE281}
		{3C3A135A-1794-4A21-A231-DB96E36BDA5A} = {473CDD97-2471-4074-ADD5-C7AA6E8303DF}
		{379D8F9D-0525-42D9-B0FE-73954B5938C5} = {3C3A135A-1794-4A21-A231-DB96E36BDA5A}
		{9E3FA4EB-CA85-4154-BA29-89781711EE62} = {3C3A135A-1794-4A21-A231-DB96E36BDA5A}
		{E49EB99F-14AF-4528-9944-3714E7D60D21} = {3C3A135A-1794-4A21-A231-DB96E36BDA5A}
	EndGlobalSection
EndGlobal
